<Solution>
  <Folder Name="/src/">
    <Project Path="src/API/API.csproj" />
    <Project Path="src/Aplicacion/Aplicacion.csproj" />
    <Project Path="src/Dominio/Dominio.csproj" />
    <Project Path="src/Infraestructura/Infraestructura.csproj" />
    <Project Path="src/Tests/Tests.csproj" />
    <Project Path="src/Worker/Worker.csproj" />
  </Folder>
</Solution>

